
Microsoft Visual Studio Solution File, Format Version 12.00
Project("{FAE04EC0-301F-11D3-BF4B-00C04F79EFBC}") = "OneOf.Railway", "OneOf.Railway\OneOf.Railway.csproj", "{C5DF9884-3BB7-4247-95E1-515D7EEF6755}"
EndProject
Project("{FAE04EC0-301F-11D3-BF4B-00C04F79EFBC}") = "OneOf.Railway.Tests", "OneOf.Railway.Tests\OneOf.Railway.Tests.csproj", "{B3D6933F-19AC-4960-A0CE-0BB0BC68997E}"
EndProject
Global
	GlobalSection(SolutionConfigurationPlatforms) = preSolution
		Debug|Any CPU = Debug|Any CPU
		Release|Any CPU = Release|Any CPU
	EndGlobalSection
	GlobalSection(ProjectConfigurationPlatforms) = postSolution
		{C5DF9884-3BB7-4247-95E1-515D7EEF6755}.Debug|Any CPU.ActiveCfg = Debug|Any CPU
		{C5DF9884-3BB7-4247-95E1-515D7EEF6755}.Debug|Any CPU.Build.0 = Debug|Any CPU
		{C5DF9884-3BB7-4247-95E1-515D7EEF6755}.Release|Any CPU.ActiveCfg = Release|Any CPU
		{C5DF9884-3BB7-4247-95E1-515D7EEF6755}.Release|Any CPU.Build.0 = Release|Any CPU
		{B3D6933F-19AC-4960-A0CE-0BB0BC68997E}.Debug|Any CPU.ActiveCfg = Debug|Any CPU
		{B3D6933F-19AC-4960-A0CE-0BB0BC68997E}.Debug|Any CPU.Build.0 = Debug|Any CPU
		{B3D6933F-19AC-4960-A0CE-0BB0BC68997E}.Release|Any CPU.ActiveCfg = Release|Any CPU
		{B3D6933F-19AC-4960-A0CE-0BB0BC68997E}.Release|Any CPU.Build.0 = Release|Any CPU
	EndGlobalSection
	GlobalSection(NestedProjects) = preSolution
	EndGlobalSection
EndGlobal
